
Microsoft Visual Studio Solution File, Format Version 12.00
# Visual Studio Version 16
VisualStudioVersion = 16.0.30717.126
MinimumVisualStudioVersion = 10.0.40219.1
Project("{FAE04EC0-301F-11D3-BF4B-00C04F79EFBC}") = "CarsAndManufacturers2", "CarsAndManufacturers2.csproj", "{A45810D0-BE44-4C94-9977-D89F374C0F4B}"
EndProject
Global
	GlobalSection(SolutionConfigurationPlatforms) = preSolution
		Debug|Any CPU = Debug|Any CPU
		Release|Any CPU = Release|Any CPU
	EndGlobalSection
	GlobalSection(ProjectConfigurationPlatforms) = postSolution
		{A45810D0-BE44-4C94-9977-D89F374C0F4B}.Debug|Any CPU.ActiveCfg = Debug|Any CPU
		{A45810D0-BE44-4C94-9977-D89F374C0F4B}.Debug|Any CPU.Build.0 = Debug|Any CPU
		{A45810D0-BE44-4C94-9977-D89F374C0F4B}.Release|Any CPU.ActiveCfg = Release|Any CPU
		{A45810D0-BE44-4C94-9977-D89F374C0F4B}.Release|Any CPU.Build.0 = Release|Any CPU
	EndGlobalSection
	GlobalSection(SolutionProperties) = preSolution
		HideSolutionNode = FALSE
	EndGlobalSection
	GlobalSection(ExtensibilityGlobals) = postSolution
		SolutionGuid = {49C61B9E-EA42-4891-A111-786C91E87732}
	EndGlobalSection
EndGlobal
